
Microsoft Visual Studio Solution File, Format Version 12.00
# Visual Studio Version 17
VisualStudioVersion = 17.8.34330.188
MinimumVisualStudioVersion = 10.0.40219.1
Project("{FAE04EC0-301F-11D3-BF4B-00C04F79EFBC}") = "puntoNet", "puntoNet.csproj", "{E51853E7-331A-4A4A-9117-0F7562306F67}"
EndProject
Global
	GlobalSection(SolutionConfigurationPlatforms) = preSolution
		Debug|Any CPU = Debug|Any CPU
		Release|Any CPU = Release|Any CPU
	EndGlobalSection
	GlobalSection(ProjectConfigurationPlatforms) = postSolution
		{E51853E7-331A-4A4A-9117-0F7562306F67}.Debug|Any CPU.ActiveCfg = Debug|Any CPU
		{E51853E7-331A-4A4A-9117-0F7562306F67}.Debug|Any CPU.Build.0 = Debug|Any CPU
		{E51853E7-331A-4A4A-9117-0F7562306F67}.Release|Any CPU.ActiveCfg = Release|Any CPU
		{E51853E7-331A-4A4A-9117-0F7562306F67}.Release|Any CPU.Build.0 = Release|Any CPU
	EndGlobalSection
	GlobalSection(SolutionProperties) = preSolution
		HideSolutionNode = FALSE
	EndGlobalSection
	GlobalSection(ExtensibilityGlobals) = postSolution
		SolutionGuid = {285E2A48-4EF7-4E96-ADE5-65ECADFA7E21}
	EndGlobalSection
EndGlobal
